# THIS IS AN AUTOGENERATED FILE. DO NOT EDIT THIS FILE DIRECTLY.
# yarn lockfile v1


react-hook-form@^7.19.1:
  version "7.19.1"
  resolved "https://registry.yarnpkg.com/react-hook-form/-/react-hook-form-7.19.1.tgz#df19c065a96cbd4275c4ca8992a9f5908b114a4f"
  integrity sha512-e0Oii07qNAa72JeGUT5czVCMwdAFPxmxYvd1Y9oPy2KVD6ZGblN6DG1G7AwL9Bz2lOPFZu15SRNnn0Vpx/eGdg==
